# This file was autogenerated by Stack.
# You should not edit this file by hand.
# For more information, please see the documentation at:
#   https://docs.haskellstack.org/en/stable/lock_files

packages:
- completed:
    hackage: aeson-1.3.0.0@sha256:23c353da98033eab7dca65d496df6c79c929f8d1413119648d1de01e703fbd3b,6539
    pantry-tree:
      size: 39767
      sha256: 68512381071165c48e123cf515c1098ee455ec75b56724e31f6d570d3c865c47
  original:
    hackage: aeson-1.3.0.0
- completed:
    hackage: http-types-0.12.1@sha256:12ce2fc081fde3cf219b630c2fb3815183a64eee236ba7aa735f666eab949610,2035
    pantry-tree:
      size: 832
      sha256: c66c35b8f4f1b8b82f99cf8de3711027b5d0cc64bd031ab84375100038f81310
  original:
    hackage: http-types-0.12.1
- completed:
    hackage: quickcheck-arbitrary-template-0.2.0.0@sha256:c8afad9c6e1f2a1d9813bb6c94158a99f7d6edeae8bb696b29d6c450f67811ec,2025
    pantry-tree:
      size: 625
      sha256: 64262d8f3365305c35babbb2f5727ea3287c3fad61d3b66c3a2c68185fe92c5a
  original:
    hackage: quickcheck-arbitrary-template-0.2.0.0
- completed:
    hackage: quickcheck-properties-0.1@sha256:3bd0890e84ec4cf1c1e6e475152c2c0d7c85915a051cf4e8bf9ec70c32df735c,1268
    pantry-tree:
      size: 550
      sha256: 12264d8a89883b42e78c313792f8cba9af51c8fda915fce34e9780ff6972cf7e
  original:
    hackage: quickcheck-properties-0.1
snapshots:
- completed:
    size: 507208
    url: https://raw.githubusercontent.com/commercialhaskell/stackage-snapshots/master/lts/11/6.yaml
    sha256: 99d52f009dc5a53ac61ffc4e6044f910ca7b28b4596b6962135a48e8c7d3d093
  original: lts-11.6
