# This file was autogenerated by Stack.
# You should not edit this file by hand.
# For more information, please see the documentation at:
#   https://docs.haskellstack.org/en/stable/lock_files

packages:
- completed:
    hackage: quickcheck-properties-0.1@sha256:3bd0890e84ec4cf1c1e6e475152c2c0d7c85915a051cf4e8bf9ec70c32df735c,1268
    pantry-tree:
      size: 550
      sha256: 12264d8a89883b42e78c313792f8cba9af51c8fda915fce34e9780ff6972cf7e
  original:
    hackage: quickcheck-properties-0.1
- completed:
    hackage: quickcheck-arbitrary-template-0.2.0.0@sha256:c8afad9c6e1f2a1d9813bb6c94158a99f7d6edeae8bb696b29d6c450f67811ec,2025
    pantry-tree:
      size: 625
      sha256: 64262d8f3365305c35babbb2f5727ea3287c3fad61d3b66c3a2c68185fe92c5a
  original:
    hackage: quickcheck-arbitrary-template-0.2.0.0
snapshots:
- completed:
    size: 537868
    url: https://raw.githubusercontent.com/commercialhaskell/stackage-snapshots/master/lts/9/21.yaml
    sha256: 0a3be91c2bce851de4755003cfb1d85d62b6f90276231fcc305729c0c5c864a9
  original: lts-9.21
