# This file was autogenerated by Stack.
# You should not edit this file by hand.
# For more information, please see the documentation at:
#   https://docs.haskellstack.org/en/stable/lock_files

packages: []
snapshots:
- completed:
    size: 502349
    url: https://raw.githubusercontent.com/commercialhaskell/stackage-snapshots/master/lts/12/6.yaml
    sha256: fbce9f11b2f1c637855eb29fe952f3ac16c35d46836df0dee0cc54a85e1e33d6
  original: lts-12.6
