# This file was autogenerated by Stack.
# You should not edit this file by hand.
# For more information, please see the documentation at:
#   https://docs.haskellstack.org/en/stable/lock_files

packages: []
snapshots:
- completed:
    size: 539121
    url: https://raw.githubusercontent.com/commercialhaskell/stackage-snapshots/master/nightly/2022/3/27.yaml
    sha256: 0812dd7e123c0137ff8063d0af73f08434a79a1c2e6519cdf974ae893777ea38
  original: nightly-2022-03-27
