# This file was autogenerated by Stack.
# You should not edit this file by hand.
# For more information, please see the documentation at:
#   https://docs.haskellstack.org/en/stable/lock_files

packages:
- completed:
    hackage: quickcheck-arbitrary-template-0.2.1.1@sha256:0c6afbac65f2c8bbb4984bfbe7f85459c37ccab34c74605b62275c55ecc36b45,1963
    pantry-tree:
      size: 625
      sha256: ca64826f09978e48c26cc8a4b9c0e775fe59951bc4e762b01d719be690bc8c50
  original:
    hackage: quickcheck-arbitrary-template-0.2.1.1
- completed:
    hackage: quickcheck-properties-0.1@sha256:3bd0890e84ec4cf1c1e6e475152c2c0d7c85915a051cf4e8bf9ec70c32df735c,1268
    pantry-tree:
      size: 550
      sha256: 12264d8a89883b42e78c313792f8cba9af51c8fda915fce34e9780ff6972cf7e
  original:
    hackage: quickcheck-properties-0.1
snapshots:
- completed:
    size: 532383
    url: https://raw.githubusercontent.com/commercialhaskell/stackage-snapshots/master/lts/16/10.yaml
    sha256: 469d781ab6d2a4eceed6b31b6e4ec842dcd3cd1d11577972e86902603dce24df
  original: lts-16.10
