# This file was autogenerated by Stack.
# You should not edit this file by hand.
# For more information, please see the documentation at:
#   https://docs.haskellstack.org/en/stable/lock_files

packages:
- completed:
    hackage: quickcheck-properties-0.1@sha256:3bd0890e84ec4cf1c1e6e475152c2c0d7c85915a051cf4e8bf9ec70c32df735c,1268
    pantry-tree:
      size: 550
      sha256: 12264d8a89883b42e78c313792f8cba9af51c8fda915fce34e9780ff6972cf7e
  original:
    hackage: quickcheck-properties-0.1
- completed:
    hackage: template-haskell-2.17.0.0@sha256:5a7c40bddd235aaf5d58632a63758bc0b5ebf98232d8dea7294b5ca5226ca577,2152
    pantry-tree:
      size: 920
      sha256: 2c961dbc955aee12dfec770841493f39fb707f8f0ae7e228884a641ea3c9f3ad
  original:
    hackage: template-haskell-2.17.0.0
- completed:
    hackage: text-1.2.5.0@sha256:791f0f6c97ed96113f17ab520cf0efe1a3a4f883a8c85910a5660567c8241c40,7895
    pantry-tree:
      size: 7395
      sha256: f41504ec5c04a3f3358ef104362f02fdef29cbce4e5e4e6dbd6b6db70c40d4bf
  original:
    hackage: text-1.2.5.0
- completed:
    hackage: exceptions-0.10.4@sha256:7ed09aed03683d5b4337088061106c2389d274b3472031a330ff1b220bad2b2d,2796
    pantry-tree:
      size: 908
      sha256: f1eb6efc7f747444de23771bef8ac4d4c2f0e2f99bb149d72a9441d8df022263
  original:
    hackage: exceptions-0.10.4
- completed:
    hackage: parsec-3.1.15.0@sha256:a162d4cc8884014ba35192545cad293af0529fe11497aad8834bbaaa3dfffc26,4429
    pantry-tree:
      size: 2630
      sha256: cbddc1e3c5ada6925354850cc0a8fadcd8643689098a504a0ed25ef9e0b932b8
  original:
    hackage: parsec-3.1.15.0
- completed:
    hackage: Cabal-3.6.3.0@sha256:ff97c442b0c679c1c9876acd15f73ac4f602b973c45bde42b43ec28265ee48f4,12459
    pantry-tree:
      size: 19757
      sha256: b250a53bdb56844f047a2927833bb565b936a289abfa85dfc2a63148d776368a
  original:
    hackage: Cabal-3.6.3.0
snapshots:
- completed:
    size: 616897
    url: https://raw.githubusercontent.com/commercialhaskell/stackage-snapshots/master/lts/19/0.yaml
    sha256: bbf2be02f17940bac1f87cb462d4fb0c3355de6dcfc53d84f4f9ad3ee2164f65
  original: lts-19.0
