# This file was autogenerated by Stack.
# You should not edit this file by hand.
# For more information, please see the documentation at:
#   https://docs.haskellstack.org/en/stable/lock_files

packages: []
snapshots:
- completed:
    size: 514906
    url: https://raw.githubusercontent.com/commercialhaskell/stackage-snapshots/master/lts/8/14.yaml
    sha256: 6c5800c06fc4d2711342df2f569d6c848b41fe09127d4c63853c37d98f7cb33a
  original: lts-8.14
